
Microsoft Visual Studio Solution File, Format Version 12.00
# Visual Studio Version 17
VisualStudioVersion = 17.3.32825.248
MinimumVisualStudioVersion = 10.0.40219.1
Project("{FAE04EC0-301F-11D3-BF4B-00C04F79EFBC}") = "Assignment5", "Assignment5\Assignment5.csproj", "{88B418D1-65DE-4305-9971-88BB3ADF01BC}"
EndProject
Global
	GlobalSection(SolutionConfigurationPlatforms) = preSolution
		Debug|Any CPU = Debug|Any CPU
		Release|Any CPU = Release|Any CPU
	EndGlobalSection
	GlobalSection(ProjectConfigurationPlatforms) = postSolution
		{88B418D1-65DE-4305-9971-88BB3ADF01BC}.Debug|Any CPU.ActiveCfg = Debug|Any CPU
		{88B418D1-65DE-4305-9971-88BB3ADF01BC}.Debug|Any CPU.Build.0 = Debug|Any CPU
		{88B418D1-65DE-4305-9971-88BB3ADF01BC}.Release|Any CPU.ActiveCfg = Release|Any CPU
		{88B418D1-65DE-4305-9971-88BB3ADF01BC}.Release|Any CPU.Build.0 = Release|Any CPU
	EndGlobalSection
	GlobalSection(SolutionProperties) = preSolution
		HideSolutionNode = FALSE
	EndGlobalSection
	GlobalSection(ExtensibilityGlobals) = postSolution
		SolutionGuid = {8ECF3651-4EB6-4135-9951-EF6E842C160E}
	EndGlobalSection
EndGlobal
